
Microsoft Visual Studio Solution File, Format Version 12.00
# Visual Studio Version 17
VisualStudioVersion = 17.6.33815.320
MinimumVisualStudioVersion = 10.0.40219.1
Project("{9A19103F-16F7-4668-BE54-9A1E7A4F7556}") = "MicroServiceAuthentication", "Micro_Service_SocialAppAuth\MicroServiceAuthentication.csproj", "{27BAA5CD-555B-4796-ACD1-52F2105A5077}"
EndProject
Project("{2150E333-8FDC-42A3-9474-1A3956D46DE8}") = "Services", "Services", "{80AA0483-1E1E-4466-A1F0-75854411454D}"
EndProject
Project("{2150E333-8FDC-42A3-9474-1A3956D46DE8}") = "Integration", "Integration", "{F17D67A4-ACD3-4955-A60D-A738C94C5F8A}"
EndProject
Project("{9A19103F-16F7-4668-BE54-9A1E7A4F7556}") = "MicroService_Posts", "SocialApp_Posts\MicroService_Posts.csproj", "{AFCC9F48-F6A6-4ACD-B70C-E88663B11477}"
EndProject
Project("{9A19103F-16F7-4668-BE54-9A1E7A4F7556}") = "MicroService_MessageBus", "SocialApp_MessageBus\MicroService_MessageBus.csproj", "{4BEBD984-6650-4093-9E45-89304C105089}"
EndProject
Project("{9A19103F-16F7-4668-BE54-9A1E7A4F7556}") = "MicroService_Email", "SocialApp_EmailService\MicroService_Email.csproj", "{E3C00A8C-54EA-49B5-9997-3BACC114EA4B}"
EndProject
Project("{9A19103F-16F7-4668-BE54-9A1E7A4F7556}") = "MicroService_Comments", "SocialApp_Comments\MicroService_Comments.csproj", "{29410EE6-60E1-479E-9F5D-7AAEA9F12DFB}"
EndProject
Global
	GlobalSection(SolutionConfigurationPlatforms) = preSolution
		Debug|Any CPU = Debug|Any CPU
		Release|Any CPU = Release|Any CPU
	EndGlobalSection
	GlobalSection(ProjectConfigurationPlatforms) = postSolution
		{27BAA5CD-555B-4796-ACD1-52F2105A5077}.Debug|Any CPU.ActiveCfg = Debug|Any CPU
		{27BAA5CD-555B-4796-ACD1-52F2105A5077}.Debug|Any CPU.Build.0 = Debug|Any CPU
		{27BAA5CD-555B-4796-ACD1-52F2105A5077}.Release|Any CPU.ActiveCfg = Release|Any CPU
		{27BAA5CD-555B-4796-ACD1-52F2105A5077}.Release|Any CPU.Build.0 = Release|Any CPU
		{AFCC9F48-F6A6-4ACD-B70C-E88663B11477}.Debug|Any CPU.ActiveCfg = Debug|Any CPU
		{AFCC9F48-F6A6-4ACD-B70C-E88663B11477}.Debug|Any CPU.Build.0 = Debug|Any CPU
		{AFCC9F48-F6A6-4ACD-B70C-E88663B11477}.Release|Any CPU.ActiveCfg = Release|Any CPU
		{AFCC9F48-F6A6-4ACD-B70C-E88663B11477}.Release|Any CPU.Build.0 = Release|Any CPU
		{4BEBD984-6650-4093-9E45-89304C105089}.Debug|Any CPU.ActiveCfg = Debug|Any CPU
		{4BEBD984-6650-4093-9E45-89304C105089}.Debug|Any CPU.Build.0 = Debug|Any CPU
		{4BEBD984-6650-4093-9E45-89304C105089}.Release|Any CPU.ActiveCfg = Release|Any CPU
		{4BEBD984-6650-4093-9E45-89304C105089}.Release|Any CPU.Build.0 = Release|Any CPU
		{E3C00A8C-54EA-49B5-9997-3BACC114EA4B}.Debug|Any CPU.ActiveCfg = Debug|Any CPU
		{E3C00A8C-54EA-49B5-9997-3BACC114EA4B}.Debug|Any CPU.Build.0 = Debug|Any CPU
		{E3C00A8C-54EA-49B5-9997-3BACC114EA4B}.Release|Any CPU.ActiveCfg = Release|Any CPU
		{E3C00A8C-54EA-49B5-9997-3BACC114EA4B}.Release|Any CPU.Build.0 = Release|Any CPU
		{29410EE6-60E1-479E-9F5D-7AAEA9F12DFB}.Debug|Any CPU.ActiveCfg = Debug|Any CPU
		{29410EE6-60E1-479E-9F5D-7AAEA9F12DFB}.Debug|Any CPU.Build.0 = Debug|Any CPU
		{29410EE6-60E1-479E-9F5D-7AAEA9F12DFB}.Release|Any CPU.ActiveCfg = Release|Any CPU
		{29410EE6-60E1-479E-9F5D-7AAEA9F12DFB}.Release|Any CPU.Build.0 = Release|Any CPU
	EndGlobalSection
	GlobalSection(SolutionProperties) = preSolution
		HideSolutionNode = FALSE
	EndGlobalSection
	GlobalSection(NestedProjects) = preSolution
		{27BAA5CD-555B-4796-ACD1-52F2105A5077} = {80AA0483-1E1E-4466-A1F0-75854411454D}
		{AFCC9F48-F6A6-4ACD-B70C-E88663B11477} = {80AA0483-1E1E-4466-A1F0-75854411454D}
		{4BEBD984-6650-4093-9E45-89304C105089} = {F17D67A4-ACD3-4955-A60D-A738C94C5F8A}
		{E3C00A8C-54EA-49B5-9997-3BACC114EA4B} = {80AA0483-1E1E-4466-A1F0-75854411454D}
		{29410EE6-60E1-479E-9F5D-7AAEA9F12DFB} = {80AA0483-1E1E-4466-A1F0-75854411454D}
	EndGlobalSection
	GlobalSection(ExtensibilityGlobals) = postSolution
		SolutionGuid = {F4F76EBE-C39F-4141-8851-34F0E7A19931}
	EndGlobalSection
EndGlobal
